# This file is automatically @generated by Cargo.
# It is not intended for manual editing.
version = 4

[[package]]
name = "boxutils"
version = "0.1.0"

[[package]]
name = "coreutils"
version = "0.1.0"
dependencies = [
 "boxutils",
]

[[package]]
name = "rebox"
version = "0.1.0"
dependencies = [
 "boxutils",
 "coreutils",
]
